
Microsoft Visual Studio Solution File, Format Version 12.00
# Visual Studio Version 17
VisualStudioVersion = 17.0.31903.59
MinimumVisualStudioVersion = 10.0.40219.1
Project("{9A19103F-16F7-4668-BE54-9A1E7A4F7556}") = "Project.MovieStore.API", "Project.MovieStore.API\Project.MovieStore.API.csproj", "{D38FB2F7-C4FF-4CD9-B228-78B6A20AF6B5}"
EndProject
Project("{9A19103F-16F7-4668-BE54-9A1E7A4F7556}") = "Project.MovieStore.Application", "Project.MovieStore.Application\Project.MovieStore.Application.csproj", "{30782DBA-7075-4C88-8020-3879324C669C}"
EndProject
Project("{9A19103F-16F7-4668-BE54-9A1E7A4F7556}") = "Project.MovieStore.Domain", "Project.MovieStore.Domain\Project.MovieStore.Domain.csproj", "{E3B27026-D8C7-4630-BD63-B8D23574C7CF}"
EndProject
Project("{9A19103F-16F7-4668-BE54-9A1E7A4F7556}") = "Project.MovieStore.Infrastructure", "Project.MovieStore.Infrastructure\Project.MovieStore.Infrastructure.csproj", "{6895EAA2-24A9-49AA-B9D5-5BEE16D0C42B}"
EndProject
Project("{FAE04EC0-301F-11D3-BF4B-00C04F79EFBC}") = "Project.MovieStore.Persistence", "Project.MovieStore.Persistence\Project.MovieStore.Persistence.csproj", "{08A80E7C-49C4-448B-88AC-5110DA199F84}"
EndProject
Global
	GlobalSection(SolutionConfigurationPlatforms) = preSolution
		Debug|Any CPU = Debug|Any CPU
		Release|Any CPU = Release|Any CPU
	EndGlobalSection
	GlobalSection(ProjectConfigurationPlatforms) = postSolution
		{D38FB2F7-C4FF-4CD9-B228-78B6A20AF6B5}.Debug|Any CPU.ActiveCfg = Debug|Any CPU
		{D38FB2F7-C4FF-4CD9-B228-78B6A20AF6B5}.Debug|Any CPU.Build.0 = Debug|Any CPU
		{D38FB2F7-C4FF-4CD9-B228-78B6A20AF6B5}.Release|Any CPU.ActiveCfg = Release|Any CPU
		{D38FB2F7-C4FF-4CD9-B228-78B6A20AF6B5}.Release|Any CPU.Build.0 = Release|Any CPU
		{30782DBA-7075-4C88-8020-3879324C669C}.Debug|Any CPU.ActiveCfg = Debug|Any CPU
		{30782DBA-7075-4C88-8020-3879324C669C}.Debug|Any CPU.Build.0 = Debug|Any CPU
		{30782DBA-7075-4C88-8020-3879324C669C}.Release|Any CPU.ActiveCfg = Release|Any CPU
		{30782DBA-7075-4C88-8020-3879324C669C}.Release|Any CPU.Build.0 = Release|Any CPU
		{E3B27026-D8C7-4630-BD63-B8D23574C7CF}.Debug|Any CPU.ActiveCfg = Debug|Any CPU
		{E3B27026-D8C7-4630-BD63-B8D23574C7CF}.Debug|Any CPU.Build.0 = Debug|Any CPU
		{E3B27026-D8C7-4630-BD63-B8D23574C7CF}.Release|Any CPU.ActiveCfg = Release|Any CPU
		{E3B27026-D8C7-4630-BD63-B8D23574C7CF}.Release|Any CPU.Build.0 = Release|Any CPU
		{6895EAA2-24A9-49AA-B9D5-5BEE16D0C42B}.Debug|Any CPU.ActiveCfg = Debug|Any CPU
		{6895EAA2-24A9-49AA-B9D5-5BEE16D0C42B}.Debug|Any CPU.Build.0 = Debug|Any CPU
		{6895EAA2-24A9-49AA-B9D5-5BEE16D0C42B}.Release|Any CPU.ActiveCfg = Release|Any CPU
		{6895EAA2-24A9-49AA-B9D5-5BEE16D0C42B}.Release|Any CPU.Build.0 = Release|Any CPU
		{08A80E7C-49C4-448B-88AC-5110DA199F84}.Debug|Any CPU.ActiveCfg = Debug|Any CPU
		{08A80E7C-49C4-448B-88AC-5110DA199F84}.Debug|Any CPU.Build.0 = Debug|Any CPU
		{08A80E7C-49C4-448B-88AC-5110DA199F84}.Release|Any CPU.ActiveCfg = Release|Any CPU
		{08A80E7C-49C4-448B-88AC-5110DA199F84}.Release|Any CPU.Build.0 = Release|Any CPU
	EndGlobalSection
	GlobalSection(SolutionProperties) = preSolution
		HideSolutionNode = FALSE
	EndGlobalSection
	GlobalSection(ExtensibilityGlobals) = postSolution
		SolutionGuid = {66D5FF5C-F9BE-4C9E-AE41-901E6C78F5C1}
	EndGlobalSection
EndGlobal
